
Microsoft Visual Studio Solution File, Format Version 12.00
# Visual Studio Version 17
VisualStudioVersion = 17.4.33213.308
MinimumVisualStudioVersion = 10.0.40219.1
Project("{FAE04EC0-301F-11D3-BF4B-00C04F79EFBC}") = "Autopropertys in class", "Autopropertys in class\Autopropertys in class.csproj", "{C555DA68-EB93-42EA-A796-AA7FC2050589}"
EndProject
Global
	GlobalSection(SolutionConfigurationPlatforms) = preSolution
		Debug|Any CPU = Debug|Any CPU
		Release|Any CPU = Release|Any CPU
	EndGlobalSection
	GlobalSection(ProjectConfigurationPlatforms) = postSolution
		{C555DA68-EB93-42EA-A796-AA7FC2050589}.Debug|Any CPU.ActiveCfg = Debug|Any CPU
		{C555DA68-EB93-42EA-A796-AA7FC2050589}.Debug|Any CPU.Build.0 = Debug|Any CPU
		{C555DA68-EB93-42EA-A796-AA7FC2050589}.Release|Any CPU.ActiveCfg = Release|Any CPU
		{C555DA68-EB93-42EA-A796-AA7FC2050589}.Release|Any CPU.Build.0 = Release|Any CPU
	EndGlobalSection
	GlobalSection(SolutionProperties) = preSolution
		HideSolutionNode = FALSE
	EndGlobalSection
	GlobalSection(ExtensibilityGlobals) = postSolution
		SolutionGuid = {A799D162-9647-49F9-8E81-C0931D6EEA30}
	EndGlobalSection
EndGlobal
